
Microsoft Visual Studio Solution File, Format Version 12.00
# Visual Studio 2012
Project("{E24C65DC-7377-472B-9ABA-BC803B73C61A}") = "MasterPages(1)", "http://localhost:9534", "{A890A513-9770-4818-B5C2-34CCF58158CE}"
	ProjectSection(WebsiteProperties) = preProject
		UseIISExpress = "true"
		TargetFrameworkMoniker = ".NETFramework,Version%3Dv4.5"
		Debug.AspNetCompiler.VirtualPath = "/MasterPages"
		Debug.AspNetCompiler.PhysicalPath = "MasterPages\"
		Debug.AspNetCompiler.TargetPath = "PrecompiledWeb\MasterPages\"
		Debug.AspNetCompiler.Updateable = "true"
		Debug.AspNetCompiler.ForceOverwrite = "true"
		Debug.AspNetCompiler.FixedNames = "false"
		Debug.AspNetCompiler.Debug = "True"
		Release.AspNetCompiler.VirtualPath = "/MasterPages"
		Release.AspNetCompiler.PhysicalPath = "MasterPages\"
		Release.AspNetCompiler.TargetPath = "PrecompiledWeb\MasterPages\"
		Release.AspNetCompiler.Updateable = "true"
		Release.AspNetCompiler.ForceOverwrite = "true"
		Release.AspNetCompiler.FixedNames = "false"
		Release.AspNetCompiler.Debug = "False"
		SlnRelativePath = "MasterPages\"
	EndProjectSection
EndProject
Global
	GlobalSection(SolutionConfigurationPlatforms) = preSolution
		Debug|Any CPU = Debug|Any CPU
	EndGlobalSection
	GlobalSection(ProjectConfigurationPlatforms) = postSolution
		{A890A513-9770-4818-B5C2-34CCF58158CE}.Debug|Any CPU.ActiveCfg = Debug|Any CPU
		{A890A513-9770-4818-B5C2-34CCF58158CE}.Debug|Any CPU.Build.0 = Debug|Any CPU
	EndGlobalSection
	GlobalSection(SolutionProperties) = preSolution
		HideSolutionNode = FALSE
	EndGlobalSection
EndGlobal
