
Microsoft Visual Studio Solution File, Format Version 12.00
# Visual Studio 2012
Project("{E24C65DC-7377-472B-9ABA-BC803B73C61A}") = "Ajax(1)", "http://localhost:50902", "{BDFD8EFA-14C1-4484-96ED-F9539C12CFB4}"
	ProjectSection(WebsiteProperties) = preProject
		UseIISExpress = "true"
		TargetFrameworkMoniker = ".NETFramework,Version%3Dv4.5"
		Debug.AspNetCompiler.VirtualPath = "/Ajax"
		Debug.AspNetCompiler.PhysicalPath = "Ajax\"
		Debug.AspNetCompiler.TargetPath = "PrecompiledWeb\Ajax\"
		Debug.AspNetCompiler.Updateable = "true"
		Debug.AspNetCompiler.ForceOverwrite = "true"
		Debug.AspNetCompiler.FixedNames = "false"
		Debug.AspNetCompiler.Debug = "True"
		Release.AspNetCompiler.VirtualPath = "/Ajax"
		Release.AspNetCompiler.PhysicalPath = "Ajax\"
		Release.AspNetCompiler.TargetPath = "PrecompiledWeb\Ajax\"
		Release.AspNetCompiler.Updateable = "true"
		Release.AspNetCompiler.ForceOverwrite = "true"
		Release.AspNetCompiler.FixedNames = "false"
		Release.AspNetCompiler.Debug = "False"
		SlnRelativePath = "Ajax\"
		DefaultWebSiteLanguage = "Visual Basic"
	EndProjectSection
EndProject
Global
	GlobalSection(SolutionConfigurationPlatforms) = preSolution
		Debug|Any CPU = Debug|Any CPU
	EndGlobalSection
	GlobalSection(ProjectConfigurationPlatforms) = postSolution
		{BDFD8EFA-14C1-4484-96ED-F9539C12CFB4}.Debug|Any CPU.ActiveCfg = Debug|Any CPU
		{BDFD8EFA-14C1-4484-96ED-F9539C12CFB4}.Debug|Any CPU.Build.0 = Debug|Any CPU
	EndGlobalSection
	GlobalSection(SolutionProperties) = preSolution
		HideSolutionNode = FALSE
	EndGlobalSection
EndGlobal
