
Microsoft Visual Studio Solution File, Format Version 12.00
# Visual Studio 2012
Project("{E24C65DC-7377-472B-9ABA-BC803B73C61A}") = "FileSystem(1)", "http://localhost:57163", "{D721C372-F5E8-4AB1-A337-B15B1D308514}"
	ProjectSection(WebsiteProperties) = preProject
		UseIISExpress = "true"
		TargetFrameworkMoniker = ".NETFramework,Version%3Dv4.5"
		Debug.AspNetCompiler.VirtualPath = "/FileSystem"
		Debug.AspNetCompiler.PhysicalPath = "D:\Code\Beginning ASP.NET 2.0 in VB\Chapter18\FileSystem\"
		Debug.AspNetCompiler.TargetPath = "PrecompiledWeb\FileSystem\"
		Debug.AspNetCompiler.Updateable = "true"
		Debug.AspNetCompiler.ForceOverwrite = "true"
		Debug.AspNetCompiler.FixedNames = "false"
		Debug.AspNetCompiler.Debug = "True"
		Release.AspNetCompiler.VirtualPath = "/FileSystem"
		Release.AspNetCompiler.PhysicalPath = "D:\Code\Beginning ASP.NET 2.0 in VB\Chapter18\FileSystem\"
		Release.AspNetCompiler.TargetPath = "PrecompiledWeb\FileSystem\"
		Release.AspNetCompiler.Updateable = "true"
		Release.AspNetCompiler.ForceOverwrite = "true"
		Release.AspNetCompiler.FixedNames = "false"
		Release.AspNetCompiler.Debug = "False"
		SlnRelativePath = "FileSystem\"
	EndProjectSection
EndProject
Global
	GlobalSection(SolutionConfigurationPlatforms) = preSolution
		Debug|Any CPU = Debug|Any CPU
	EndGlobalSection
	GlobalSection(ProjectConfigurationPlatforms) = postSolution
		{D721C372-F5E8-4AB1-A337-B15B1D308514}.Debug|Any CPU.ActiveCfg = Debug|Any CPU
		{D721C372-F5E8-4AB1-A337-B15B1D308514}.Debug|Any CPU.Build.0 = Debug|Any CPU
	EndGlobalSection
	GlobalSection(SolutionProperties) = preSolution
		HideSolutionNode = FALSE
	EndGlobalSection
EndGlobal
