
Microsoft Visual Studio Solution File, Format Version 12.00
# Visual Studio 2012
Project("{F184B08F-C81C-45F6-A57F-5ABD9991F28F}") = "DatabaseComponent", "DatabaseComponent\DatabaseComponent.vbproj", "{FB0A387A-C5D0-4264-A31C-BB4F15972ACC}"
EndProject
Project("{E24C65DC-7377-472B-9ABA-BC803B73C61A}") = "DatabaseComponentTest(1)", "http://localhost:2121", "{43CF9D3C-16B7-4392-8855-353C7DA74710}"
	ProjectSection(WebsiteProperties) = preProject
		UseIISExpress = "true"
		TargetFrameworkMoniker = ".NETFramework,Version%3Dv4.5"
		ProjectReferences = "{FB0A387A-C5D0-4264-A31C-BB4F15972ACC}|DatabaseComponent.dll;"
		Debug.AspNetCompiler.VirtualPath = "/DatabaseComponentTest"
		Debug.AspNetCompiler.PhysicalPath = "..\DatabaseComponentTest\"
		Debug.AspNetCompiler.TargetPath = "PrecompiledWeb\DatabaseComponentTest\"
		Debug.AspNetCompiler.Updateable = "true"
		Debug.AspNetCompiler.ForceOverwrite = "true"
		Debug.AspNetCompiler.FixedNames = "false"
		Debug.AspNetCompiler.Debug = "True"
		Release.AspNetCompiler.VirtualPath = "/DatabaseComponentTest"
		Release.AspNetCompiler.PhysicalPath = "..\DatabaseComponentTest\"
		Release.AspNetCompiler.TargetPath = "PrecompiledWeb\DatabaseComponentTest\"
		Release.AspNetCompiler.Updateable = "true"
		Release.AspNetCompiler.ForceOverwrite = "true"
		Release.AspNetCompiler.FixedNames = "false"
		Release.AspNetCompiler.Debug = "False"
		SlnRelativePath = "DatabaseComponentTest\"
		DefaultWebSiteLanguage = "Visual Basic"
	EndProjectSection
EndProject
Global
	GlobalSection(SolutionConfigurationPlatforms) = preSolution
		Debug|.NET = Debug|.NET
		Debug|Any CPU = Debug|Any CPU
		Debug|Mixed Platforms = Debug|Mixed Platforms
		Release|.NET = Release|.NET
		Release|Any CPU = Release|Any CPU
		Release|Mixed Platforms = Release|Mixed Platforms
	EndGlobalSection
	GlobalSection(ProjectConfigurationPlatforms) = postSolution
		{FB0A387A-C5D0-4264-A31C-BB4F15972ACC}.Debug|.NET.ActiveCfg = Debug|Any CPU
		{FB0A387A-C5D0-4264-A31C-BB4F15972ACC}.Debug|Any CPU.ActiveCfg = Debug|Any CPU
		{FB0A387A-C5D0-4264-A31C-BB4F15972ACC}.Debug|Any CPU.Build.0 = Debug|Any CPU
		{FB0A387A-C5D0-4264-A31C-BB4F15972ACC}.Debug|Mixed Platforms.ActiveCfg = Debug|Any CPU
		{FB0A387A-C5D0-4264-A31C-BB4F15972ACC}.Debug|Mixed Platforms.Build.0 = Debug|Any CPU
		{FB0A387A-C5D0-4264-A31C-BB4F15972ACC}.Release|.NET.ActiveCfg = Release|Any CPU
		{FB0A387A-C5D0-4264-A31C-BB4F15972ACC}.Release|Any CPU.ActiveCfg = Release|Any CPU
		{FB0A387A-C5D0-4264-A31C-BB4F15972ACC}.Release|Any CPU.Build.0 = Release|Any CPU
		{FB0A387A-C5D0-4264-A31C-BB4F15972ACC}.Release|Mixed Platforms.ActiveCfg = Release|Any CPU
		{FB0A387A-C5D0-4264-A31C-BB4F15972ACC}.Release|Mixed Platforms.Build.0 = Release|Any CPU
		{43CF9D3C-16B7-4392-8855-353C7DA74710}.Debug|.NET.ActiveCfg = Debug|Any CPU
		{43CF9D3C-16B7-4392-8855-353C7DA74710}.Debug|Any CPU.ActiveCfg = Debug|Any CPU
		{43CF9D3C-16B7-4392-8855-353C7DA74710}.Debug|Any CPU.Build.0 = Debug|Any CPU
		{43CF9D3C-16B7-4392-8855-353C7DA74710}.Debug|Mixed Platforms.ActiveCfg = Debug|Any CPU
		{43CF9D3C-16B7-4392-8855-353C7DA74710}.Debug|Mixed Platforms.Build.0 = Debug|Any CPU
		{43CF9D3C-16B7-4392-8855-353C7DA74710}.Release|.NET.ActiveCfg = Debug|Any CPU
		{43CF9D3C-16B7-4392-8855-353C7DA74710}.Release|Any CPU.ActiveCfg = Debug|Any CPU
		{43CF9D3C-16B7-4392-8855-353C7DA74710}.Release|Any CPU.Build.0 = Debug|Any CPU
		{43CF9D3C-16B7-4392-8855-353C7DA74710}.Release|Mixed Platforms.ActiveCfg = Debug|Any CPU
		{43CF9D3C-16B7-4392-8855-353C7DA74710}.Release|Mixed Platforms.Build.0 = Debug|Any CPU
	EndGlobalSection
	GlobalSection(SolutionProperties) = preSolution
		HideSolutionNode = FALSE
	EndGlobalSection
EndGlobal
