
Microsoft Visual Studio Solution File, Format Version 12.00
# Visual Studio 2012
Project("{E24C65DC-7377-472B-9ABA-BC803B73C61A}") = "Caching(1)", "http://localhost:53159", "{C23D710A-0BFE-4DD6-8B43-5ABC26F1229B}"
	ProjectSection(WebsiteProperties) = preProject
		UseIISExpress = "true"
		TargetFrameworkMoniker = ".NETFramework,Version%3Dv4.5"
		Debug.AspNetCompiler.VirtualPath = "/Caching"
		Debug.AspNetCompiler.PhysicalPath = "D:\Code\Beginning ASP.NET 3.5 in VB\Chapter24\Caching\"
		Debug.AspNetCompiler.TargetPath = "PrecompiledWeb\Caching\"
		Debug.AspNetCompiler.Updateable = "true"
		Debug.AspNetCompiler.ForceOverwrite = "true"
		Debug.AspNetCompiler.FixedNames = "false"
		Debug.AspNetCompiler.Debug = "True"
		Release.AspNetCompiler.VirtualPath = "/Caching"
		Release.AspNetCompiler.PhysicalPath = "D:\Code\Beginning ASP.NET 3.5 in VB\Chapter24\Caching\"
		Release.AspNetCompiler.TargetPath = "PrecompiledWeb\Caching\"
		Release.AspNetCompiler.Updateable = "true"
		Release.AspNetCompiler.ForceOverwrite = "true"
		Release.AspNetCompiler.FixedNames = "false"
		Release.AspNetCompiler.Debug = "False"
		SlnRelativePath = "Caching\"
	EndProjectSection
EndProject
Global
	GlobalSection(SolutionConfigurationPlatforms) = preSolution
		Debug|Any CPU = Debug|Any CPU
	EndGlobalSection
	GlobalSection(ProjectConfigurationPlatforms) = postSolution
		{C23D710A-0BFE-4DD6-8B43-5ABC26F1229B}.Debug|Any CPU.ActiveCfg = Debug|Any CPU
		{C23D710A-0BFE-4DD6-8B43-5ABC26F1229B}.Debug|Any CPU.Build.0 = Debug|Any CPU
	EndGlobalSection
	GlobalSection(SolutionProperties) = preSolution
		HideSolutionNode = FALSE
	EndGlobalSection
EndGlobal
