
Microsoft Visual Studio Solution File, Format Version 12.00
# Visual Studio 2012
Project("{E24C65DC-7377-472B-9ABA-BC803B73C61A}") = "RichControls", "RichControls\", "{0524D27A-3B66-4CC3-A432-DD3ACE703E39}"
	ProjectSection(WebsiteProperties) = preProject
		TargetFrameworkMoniker = ".NETFramework,Version%3Dv4.5"
		Debug.AspNetCompiler.VirtualPath = "/RichControls"
		Debug.AspNetCompiler.PhysicalPath = "RichControls\"
		Debug.AspNetCompiler.TargetPath = "PrecompiledWeb\RichControls\"
		Debug.AspNetCompiler.Updateable = "true"
		Debug.AspNetCompiler.ForceOverwrite = "true"
		Debug.AspNetCompiler.FixedNames = "false"
		Debug.AspNetCompiler.Debug = "True"
		Release.AspNetCompiler.VirtualPath = "/RichControls"
		Release.AspNetCompiler.PhysicalPath = "RichControls\"
		Release.AspNetCompiler.TargetPath = "PrecompiledWeb\RichControls\"
		Release.AspNetCompiler.Updateable = "true"
		Release.AspNetCompiler.ForceOverwrite = "true"
		Release.AspNetCompiler.FixedNames = "false"
		Release.AspNetCompiler.Debug = "False"
		VWDPort = "43391"
	EndProjectSection
EndProject
Global
	GlobalSection(SolutionConfigurationPlatforms) = preSolution
		Debug|Any CPU = Debug|Any CPU
	EndGlobalSection
	GlobalSection(ProjectConfigurationPlatforms) = postSolution
		{0524D27A-3B66-4CC3-A432-DD3ACE703E39}.Debug|Any CPU.ActiveCfg = Debug|Any CPU
		{0524D27A-3B66-4CC3-A432-DD3ACE703E39}.Debug|Any CPU.Build.0 = Debug|Any CPU
	EndGlobalSection
	GlobalSection(SolutionProperties) = preSolution
		HideSolutionNode = FALSE
	EndGlobalSection
EndGlobal
